
Microsoft Visual Studio Solution File, Format Version 12.00
# Visual Studio 15
VisualStudioVersion = 15.0.28307.421
MinimumVisualStudioVersion = 10.0.40219.1
Project("{FAE04EC0-301F-11D3-BF4B-00C04F79EFBC}") = "P01_StudentSystem", "P01_StudentSystem\P01_StudentSystem.csproj", "{29FD13D9-EA64-4787-87B6-506784493859}"
EndProject
Project("{FAE04EC0-301F-11D3-BF4B-00C04F79EFBC}") = "P01_StudentSystem.Data", "P01_StudentSystem.Data\P01_StudentSystem.Data.csproj", "{AC4B58CA-C60B-46EE-AA43-ED1C179A4724}"
EndProject
Project("{FAE04EC0-301F-11D3-BF4B-00C04F79EFBC}") = "P01_StudentSystem.Data.Models", "P01_StudentSystem.Data.Models\P01_StudentSystem.Data.Models.csproj", "{F6F4CE84-2F2F-4869-932D-EF403718A729}"
EndProject
Global
	GlobalSection(SolutionConfigurationPlatforms) = preSolution
		Debug|Any CPU = Debug|Any CPU
		Release|Any CPU = Release|Any CPU
	EndGlobalSection
	GlobalSection(ProjectConfigurationPlatforms) = postSolution
		{29FD13D9-EA64-4787-87B6-506784493859}.Debug|Any CPU.ActiveCfg = Debug|Any CPU
		{29FD13D9-EA64-4787-87B6-506784493859}.Debug|Any CPU.Build.0 = Debug|Any CPU
		{29FD13D9-EA64-4787-87B6-506784493859}.Release|Any CPU.ActiveCfg = Release|Any CPU
		{29FD13D9-EA64-4787-87B6-506784493859}.Release|Any CPU.Build.0 = Release|Any CPU
		{AC4B58CA-C60B-46EE-AA43-ED1C179A4724}.Debug|Any CPU.ActiveCfg = Debug|Any CPU
		{AC4B58CA-C60B-46EE-AA43-ED1C179A4724}.Debug|Any CPU.Build.0 = Debug|Any CPU
		{AC4B58CA-C60B-46EE-AA43-ED1C179A4724}.Release|Any CPU.ActiveCfg = Release|Any CPU
		{AC4B58CA-C60B-46EE-AA43-ED1C179A4724}.Release|Any CPU.Build.0 = Release|Any CPU
		{F6F4CE84-2F2F-4869-932D-EF403718A729}.Debug|Any CPU.ActiveCfg = Debug|Any CPU
		{F6F4CE84-2F2F-4869-932D-EF403718A729}.Debug|Any CPU.Build.0 = Debug|Any CPU
		{F6F4CE84-2F2F-4869-932D-EF403718A729}.Release|Any CPU.ActiveCfg = Release|Any CPU
		{F6F4CE84-2F2F-4869-932D-EF403718A729}.Release|Any CPU.Build.0 = Release|Any CPU
	EndGlobalSection
	GlobalSection(SolutionProperties) = preSolution
		HideSolutionNode = FALSE
	EndGlobalSection
	GlobalSection(ExtensibilityGlobals) = postSolution
		SolutionGuid = {BC3B65D4-FE56-435A-92B9-2B0CEBA3C694}
	EndGlobalSection
EndGlobal
