
Microsoft Visual Studio Solution File, Format Version 12.00
# Visual Studio 2012
Project("{FAE04EC0-301F-11D3-BF4B-00C04F79EFBC}") = "03.House", "03.House\03.House.csproj", "{E95C17E7-74C3-48D3-90D0-BBF76AE09661}"
EndProject
Project("{FAE04EC0-301F-11D3-BF4B-00C04F79EFBC}") = "01.Triangle", "01.Triangle\01.Triangle.csproj", "{ED657F8F-D2CC-410B-A527-C9F82C0D0848}"
EndProject
Project("{FAE04EC0-301F-11D3-BF4B-00C04F79EFBC}") = "02.Values", "02.Values\02.Values.csproj", "{04D56200-1F94-4AB9-B660-DBF838A0F140}"
EndProject
Global
	GlobalSection(SolutionConfigurationPlatforms) = preSolution
		Debug|Any CPU = Debug|Any CPU
		Release|Any CPU = Release|Any CPU
	EndGlobalSection
	GlobalSection(ProjectConfigurationPlatforms) = postSolution
		{E95C17E7-74C3-48D3-90D0-BBF76AE09661}.Debug|Any CPU.ActiveCfg = Debug|Any CPU
		{E95C17E7-74C3-48D3-90D0-BBF76AE09661}.Debug|Any CPU.Build.0 = Debug|Any CPU
		{E95C17E7-74C3-48D3-90D0-BBF76AE09661}.Release|Any CPU.ActiveCfg = Release|Any CPU
		{E95C17E7-74C3-48D3-90D0-BBF76AE09661}.Release|Any CPU.Build.0 = Release|Any CPU
		{ED657F8F-D2CC-410B-A527-C9F82C0D0848}.Debug|Any CPU.ActiveCfg = Debug|Any CPU
		{ED657F8F-D2CC-410B-A527-C9F82C0D0848}.Debug|Any CPU.Build.0 = Debug|Any CPU
		{ED657F8F-D2CC-410B-A527-C9F82C0D0848}.Release|Any CPU.ActiveCfg = Release|Any CPU
		{ED657F8F-D2CC-410B-A527-C9F82C0D0848}.Release|Any CPU.Build.0 = Release|Any CPU
		{04D56200-1F94-4AB9-B660-DBF838A0F140}.Debug|Any CPU.ActiveCfg = Debug|Any CPU
		{04D56200-1F94-4AB9-B660-DBF838A0F140}.Debug|Any CPU.Build.0 = Debug|Any CPU
		{04D56200-1F94-4AB9-B660-DBF838A0F140}.Release|Any CPU.ActiveCfg = Release|Any CPU
		{04D56200-1F94-4AB9-B660-DBF838A0F140}.Release|Any CPU.Build.0 = Release|Any CPU
	EndGlobalSection
	GlobalSection(SolutionProperties) = preSolution
		HideSolutionNode = FALSE
	EndGlobalSection
EndGlobal
