
Microsoft Visual Studio Solution File, Format Version 12.00
# Visual Studio 15
VisualStudioVersion = 15.0.28307.489
MinimumVisualStudioVersion = 10.0.40219.1
Project("{FAE04EC0-301F-11D3-BF4B-00C04F79EFBC}") = "SoftUniHttpServer", "SoftUniHttpServer\SoftUniHttpServer.csproj", "{D3924886-344B-4F49-8008-0494B2CB419B}"
EndProject
Global
	GlobalSection(SolutionConfigurationPlatforms) = preSolution
		Debug|Any CPU = Debug|Any CPU
		Release|Any CPU = Release|Any CPU
	EndGlobalSection
	GlobalSection(ProjectConfigurationPlatforms) = postSolution
		{D3924886-344B-4F49-8008-0494B2CB419B}.Debug|Any CPU.ActiveCfg = Debug|Any CPU
		{D3924886-344B-4F49-8008-0494B2CB419B}.Debug|Any CPU.Build.0 = Debug|Any CPU
		{D3924886-344B-4F49-8008-0494B2CB419B}.Release|Any CPU.ActiveCfg = Release|Any CPU
		{D3924886-344B-4F49-8008-0494B2CB419B}.Release|Any CPU.Build.0 = Release|Any CPU
	EndGlobalSection
	GlobalSection(SolutionProperties) = preSolution
		HideSolutionNode = FALSE
	EndGlobalSection
	GlobalSection(ExtensibilityGlobals) = postSolution
		SolutionGuid = {71900220-9CB4-4FCE-99FD-06BDA886DD5A}
	EndGlobalSection
EndGlobal
