
Microsoft Visual Studio Solution File, Format Version 12.00
# Visual Studio 15
VisualStudioVersion = 15.0.28307.421
MinimumVisualStudioVersion = 10.0.40219.1
Project("{9A19103F-16F7-4668-BE54-9A1E7A4F7556}") = "01.InstallSetup", "01.InstallSetup\01.InstallSetup.csproj", "{B8ED53F8-048A-4780-8DB5-8141F9F99D03}"
EndProject
Project("{9A19103F-16F7-4668-BE54-9A1E7A4F7556}") = "02.VillianName", "02.VillianName\02.VillianName.csproj", "{6F69086C-DE44-4738-A083-7653E5FBDFC2}"
EndProject
Project("{9A19103F-16F7-4668-BE54-9A1E7A4F7556}") = "03.MinionName", "03.MinionName\03.MinionName.csproj", "{E9D7133B-E792-4043-AE72-12B41E895E02}"
EndProject
Project("{9A19103F-16F7-4668-BE54-9A1E7A4F7556}") = "04.AddMinions", "04.AddMinions\04.AddMinions.csproj", "{8A3DF92C-2D3D-4197-8084-B0CCCB2ACD3B}"
EndProject
Project("{FAE04EC0-301F-11D3-BF4B-00C04F79EFBC}") = "05.ChangeTownName", "05.ChangeTownName\05.ChangeTownName.csproj", "{7213B2F1-4585-444E-B0DF-44048366B680}"
EndProject
Global
	GlobalSection(SolutionConfigurationPlatforms) = preSolution
		Debug|Any CPU = Debug|Any CPU
		Release|Any CPU = Release|Any CPU
	EndGlobalSection
	GlobalSection(ProjectConfigurationPlatforms) = postSolution
		{B8ED53F8-048A-4780-8DB5-8141F9F99D03}.Debug|Any CPU.ActiveCfg = Debug|Any CPU
		{B8ED53F8-048A-4780-8DB5-8141F9F99D03}.Debug|Any CPU.Build.0 = Debug|Any CPU
		{B8ED53F8-048A-4780-8DB5-8141F9F99D03}.Release|Any CPU.ActiveCfg = Release|Any CPU
		{B8ED53F8-048A-4780-8DB5-8141F9F99D03}.Release|Any CPU.Build.0 = Release|Any CPU
		{6F69086C-DE44-4738-A083-7653E5FBDFC2}.Debug|Any CPU.ActiveCfg = Debug|Any CPU
		{6F69086C-DE44-4738-A083-7653E5FBDFC2}.Debug|Any CPU.Build.0 = Debug|Any CPU
		{6F69086C-DE44-4738-A083-7653E5FBDFC2}.Release|Any CPU.ActiveCfg = Release|Any CPU
		{6F69086C-DE44-4738-A083-7653E5FBDFC2}.Release|Any CPU.Build.0 = Release|Any CPU
		{E9D7133B-E792-4043-AE72-12B41E895E02}.Debug|Any CPU.ActiveCfg = Debug|Any CPU
		{E9D7133B-E792-4043-AE72-12B41E895E02}.Debug|Any CPU.Build.0 = Debug|Any CPU
		{E9D7133B-E792-4043-AE72-12B41E895E02}.Release|Any CPU.ActiveCfg = Release|Any CPU
		{E9D7133B-E792-4043-AE72-12B41E895E02}.Release|Any CPU.Build.0 = Release|Any CPU
		{8A3DF92C-2D3D-4197-8084-B0CCCB2ACD3B}.Debug|Any CPU.ActiveCfg = Debug|Any CPU
		{8A3DF92C-2D3D-4197-8084-B0CCCB2ACD3B}.Debug|Any CPU.Build.0 = Debug|Any CPU
		{8A3DF92C-2D3D-4197-8084-B0CCCB2ACD3B}.Release|Any CPU.ActiveCfg = Release|Any CPU
		{8A3DF92C-2D3D-4197-8084-B0CCCB2ACD3B}.Release|Any CPU.Build.0 = Release|Any CPU
		{7213B2F1-4585-444E-B0DF-44048366B680}.Debug|Any CPU.ActiveCfg = Debug|Any CPU
		{7213B2F1-4585-444E-B0DF-44048366B680}.Debug|Any CPU.Build.0 = Debug|Any CPU
		{7213B2F1-4585-444E-B0DF-44048366B680}.Release|Any CPU.ActiveCfg = Release|Any CPU
		{7213B2F1-4585-444E-B0DF-44048366B680}.Release|Any CPU.Build.0 = Release|Any CPU
	EndGlobalSection
	GlobalSection(SolutionProperties) = preSolution
		HideSolutionNode = FALSE
	EndGlobalSection
	GlobalSection(ExtensibilityGlobals) = postSolution
		SolutionGuid = {6BD748DC-63BB-43D9-9AAA-87282DAAF018}
	EndGlobalSection
EndGlobal
