
Microsoft Visual Studio Solution File, Format Version 12.00
# Visual Studio 15
VisualStudioVersion = 15.0.27703.2035
MinimumVisualStudioVersion = 10.0.40219.1
Project("{FAE04EC0-301F-11D3-BF4B-00C04F79EFBC}") = "01.CoordinateSystem", "01.CoordinateSystem\01.CoordinateSystem.csproj", "{9331945C-4314-4A5C-A7D4-4E3F61EC42B1}"
EndProject
Global
	GlobalSection(SolutionConfigurationPlatforms) = preSolution
		Debug|Any CPU = Debug|Any CPU
		Release|Any CPU = Release|Any CPU
	EndGlobalSection
	GlobalSection(ProjectConfigurationPlatforms) = postSolution
		{9331945C-4314-4A5C-A7D4-4E3F61EC42B1}.Debug|Any CPU.ActiveCfg = Debug|Any CPU
		{9331945C-4314-4A5C-A7D4-4E3F61EC42B1}.Debug|Any CPU.Build.0 = Debug|Any CPU
		{9331945C-4314-4A5C-A7D4-4E3F61EC42B1}.Release|Any CPU.ActiveCfg = Release|Any CPU
		{9331945C-4314-4A5C-A7D4-4E3F61EC42B1}.Release|Any CPU.Build.0 = Release|Any CPU
	EndGlobalSection
	GlobalSection(SolutionProperties) = preSolution
		HideSolutionNode = FALSE
	EndGlobalSection
	GlobalSection(ExtensibilityGlobals) = postSolution
		SolutionGuid = {AF169BE1-123F-4A0D-B703-1717885601E2}
	EndGlobalSection
EndGlobal
