
Microsoft Visual Studio Solution File, Format Version 12.00
# Visual Studio 15
VisualStudioVersion = 15.0.28307.106
MinimumVisualStudioVersion = 10.0.40219.1
Project("{9A19103F-16F7-4668-BE54-9A1E7A4F7556}") = "01.KeyRevolver", "01.KeyRevolver\01.KeyRevolver.csproj", "{434AFEAF-4D75-4616-9A1A-DB41BBFD2903}"
EndProject
Project("{9A19103F-16F7-4668-BE54-9A1E7A4F7556}") = "02.Sneaking", "02.Sneaking\02.Sneaking.csproj", "{6CE65B2C-E047-424E-9DFA-FD1EB51C295B}"
EndProject
Project("{9A19103F-16F7-4668-BE54-9A1E7A4F7556}") = "03.CryptoBlockchain", "03.CryptoBlockchain\03.CryptoBlockchain.csproj", "{ADD40011-3371-4CF3-AE41-00F5DFCB336B}"
EndProject
Project("{FAE04EC0-301F-11D3-BF4B-00C04F79EFBC}") = "04.HitList", "04.HitList\04.HitList.csproj", "{38519585-9B26-485D-A796-49036EB877D6}"
EndProject
Global
	GlobalSection(SolutionConfigurationPlatforms) = preSolution
		Debug|Any CPU = Debug|Any CPU
		Release|Any CPU = Release|Any CPU
	EndGlobalSection
	GlobalSection(ProjectConfigurationPlatforms) = postSolution
		{434AFEAF-4D75-4616-9A1A-DB41BBFD2903}.Debug|Any CPU.ActiveCfg = Debug|Any CPU
		{434AFEAF-4D75-4616-9A1A-DB41BBFD2903}.Debug|Any CPU.Build.0 = Debug|Any CPU
		{434AFEAF-4D75-4616-9A1A-DB41BBFD2903}.Release|Any CPU.ActiveCfg = Release|Any CPU
		{434AFEAF-4D75-4616-9A1A-DB41BBFD2903}.Release|Any CPU.Build.0 = Release|Any CPU
		{6CE65B2C-E047-424E-9DFA-FD1EB51C295B}.Debug|Any CPU.ActiveCfg = Debug|Any CPU
		{6CE65B2C-E047-424E-9DFA-FD1EB51C295B}.Debug|Any CPU.Build.0 = Debug|Any CPU
		{6CE65B2C-E047-424E-9DFA-FD1EB51C295B}.Release|Any CPU.ActiveCfg = Release|Any CPU
		{6CE65B2C-E047-424E-9DFA-FD1EB51C295B}.Release|Any CPU.Build.0 = Release|Any CPU
		{ADD40011-3371-4CF3-AE41-00F5DFCB336B}.Debug|Any CPU.ActiveCfg = Debug|Any CPU
		{ADD40011-3371-4CF3-AE41-00F5DFCB336B}.Debug|Any CPU.Build.0 = Debug|Any CPU
		{ADD40011-3371-4CF3-AE41-00F5DFCB336B}.Release|Any CPU.ActiveCfg = Release|Any CPU
		{ADD40011-3371-4CF3-AE41-00F5DFCB336B}.Release|Any CPU.Build.0 = Release|Any CPU
		{38519585-9B26-485D-A796-49036EB877D6}.Debug|Any CPU.ActiveCfg = Debug|Any CPU
		{38519585-9B26-485D-A796-49036EB877D6}.Debug|Any CPU.Build.0 = Debug|Any CPU
		{38519585-9B26-485D-A796-49036EB877D6}.Release|Any CPU.ActiveCfg = Release|Any CPU
		{38519585-9B26-485D-A796-49036EB877D6}.Release|Any CPU.Build.0 = Release|Any CPU
	EndGlobalSection
	GlobalSection(SolutionProperties) = preSolution
		HideSolutionNode = FALSE
	EndGlobalSection
	GlobalSection(ExtensibilityGlobals) = postSolution
		SolutionGuid = {7D76AEA4-A422-492E-BDDF-3BAF93DFD6C6}
	EndGlobalSection
EndGlobal
