
Microsoft Visual Studio Solution File, Format Version 12.00
# Visual Studio 15
VisualStudioVersion = 15.0.26430.12
MinimumVisualStudioVersion = 10.0.40219.1
Project("{2150E333-8FDC-42A3-9474-1A3956D46DE8}") = "03.CSharpIntro", "03.CSharpIntro", "{765A30D9-6EB0-4B26-9983-82DE0F7B9A8A}"
EndProject
Project("{2150E333-8FDC-42A3-9474-1A3956D46DE8}") = "04.CSharpIntroEx", "04.CSharpIntroEx", "{5BF2A426-16E4-462E-AA09-ACACA8B893CB}"
EndProject
Project("{FAE04EC0-301F-11D3-BF4B-00C04F79EFBC}") = "01.Greeting", "03.CSharpIntro\01.Greeting\01.Greeting.csproj", "{6D8102CA-B648-4050-BCC3-9546D55E00A2}"
EndProject
Project("{FAE04EC0-301F-11D3-BF4B-00C04F79EFBC}") = "02.AddTwoNumbers", "03.CSharpIntro\02.AddTwoNumbers\02.AddTwoNumbers.csproj", "{58806E73-5662-463C-83AA-A1A865CA05F1}"
EndProject
Project("{FAE04EC0-301F-11D3-BF4B-00C04F79EFBC}") = "01.DebitCardNumber", "04.CSharpIntroEx\01.DebitCardNumber\01.DebitCardNumber.csproj", "{23820625-0EA9-4150-B6FF-BF21BA443BE5}"
EndProject
Project("{FAE04EC0-301F-11D3-BF4B-00C04F79EFBC}") = "02.RectangleArea", "04.CSharpIntroEx\02.RectangleArea\02.RectangleArea.csproj", "{D72B2B72-C1F6-4018-99B7-A9D4A270486A}"
EndProject
Project("{FAE04EC0-301F-11D3-BF4B-00C04F79EFBC}") = "03.MilesToKilometers", "04.CSharpIntroEx\03.MilesToKilometers\03.MilesToKilometers.csproj", "{9FE923D0-4AB1-4A17-BF6D-FB17663FBC21}"
EndProject
Project("{FAE04EC0-301F-11D3-BF4B-00C04F79EFBC}") = "04.BeverageLabels", "04.CSharpIntroEx\04.BeverageLabels\04.BeverageLabels.csproj", "{6C82A45D-4321-4162-89F7-4DDCF6B14429}"
EndProject
Project("{FAE04EC0-301F-11D3-BF4B-00C04F79EFBC}") = "05.CharacterStats", "04.CSharpIntroEx\05.CharacterStats\05.CharacterStats.csproj", "{3AACCFC5-BDEB-49E1-9AD8-0AF446C8A8DC}"
EndProject
Project("{FAE04EC0-301F-11D3-BF4B-00C04F79EFBC}") = "03.EmployeeData", "03.CSharpIntro\03.EmployeeData\03.EmployeeData.csproj", "{7E9D1465-8BFC-456C-A67B-D4AF8011961E}"
EndProject
Project("{2150E333-8FDC-42A3-9474-1A3956D46DE8}") = "05.StatementsLoops", "05.StatementsLoops", "{9D92496C-53F9-412A-A3FE-D455F87748E9}"
EndProject
Project("{FAE04EC0-301F-11D3-BF4B-00C04F79EFBC}") = "01.Passed", "05.StatementsLoops\01.Passed\01.Passed.csproj", "{FE316011-3935-47A8-BF36-EBBEBECE6366}"
EndProject
Project("{FAE04EC0-301F-11D3-BF4B-00C04F79EFBC}") = "02.PassedOrFailed", "05.StatementsLoops\02.PassedOrFailed\02.PassedOrFailed.csproj", "{65D3BAFF-FBD1-4B94-BA39-1F4811E7E65A}"
EndProject
Project("{FAE04EC0-301F-11D3-BF4B-00C04F79EFBC}") = "03.BackIn30Minutes", "05.StatementsLoops\03.BackIn30Minutes\03.BackIn30Minutes.csproj", "{14FBE622-B644-4A8B-B428-81A3F0A930BA}"
EndProject
Project("{FAE04EC0-301F-11D3-BF4B-00C04F79EFBC}") = "04.MonthPrinter", "05.StatementsLoops\04.MonthPrinter\04.MonthPrinter.csproj", "{206714DA-BA8E-4529-9672-2D925771CA3F}"
EndProject
Project("{FAE04EC0-301F-11D3-BF4B-00C04F79EFBC}") = "05.ForeignLanguages", "05.StatementsLoops\05.ForeignLanguages\05.ForeignLanguages.csproj", "{CA52D835-9A49-4584-93AB-76E0C824EFFE}"
EndProject
Project("{FAE04EC0-301F-11D3-BF4B-00C04F79EFBC}") = "06.TheatrePromotions", "05.StatementsLoops\06.TheatrePromotions\06.TheatrePromotions.csproj", "{07EA24EE-2603-4C2E-B8BF-F6AE826D4E6D}"
EndProject
Project("{FAE04EC0-301F-11D3-BF4B-00C04F79EFBC}") = "07.DivisibleBy3", "05.StatementsLoops\07.DivisibleBy3\07.DivisibleBy3.csproj", "{A2EE7D47-70EA-4304-AE7E-17B1D7B68201}"
EndProject
Project("{FAE04EC0-301F-11D3-BF4B-00C04F79EFBC}") = "08.SumOfOddNumbers", "05.StatementsLoops\08.SumOfOddNumbers\08.SumOfOddNumbers.csproj", "{868022D7-DA67-41EB-8956-52DB3932AAD4}"
EndProject
Project("{FAE04EC0-301F-11D3-BF4B-00C04F79EFBC}") = "09.MultiplicationTable", "05.StatementsLoops\09.MultiplicationTable\09.MultiplicationTable.csproj", "{50D0BBC2-B4E8-4AEC-8394-B99993FC6FCC}"
EndProject
Project("{FAE04EC0-301F-11D3-BF4B-00C04F79EFBC}") = "10.MultiplicationTable2", "05.StatementsLoops\10.MultiplicationTable2\10.MultiplicationTable2.csproj", "{C0997658-07E6-42F4-8C58-9DE0CB603543}"
EndProject
Project("{FAE04EC0-301F-11D3-BF4B-00C04F79EFBC}") = "11.OddNumber", "05.StatementsLoops\11.OddNumber\11.OddNumber.csproj", "{9D12F872-2FCB-45D2-B0EE-D3FEC791E146}"
EndProject
Project("{FAE04EC0-301F-11D3-BF4B-00C04F79EFBC}") = "12.NumberChecker", "05.StatementsLoops\12.NumberChecker\12.NumberChecker.csproj", "{61BA92AC-38C3-41F0-B9F1-5B6F4963EFAB}"
EndProject
Project("{2150E333-8FDC-42A3-9474-1A3956D46DE8}") = "06.StatementsLoopsEx", "06.StatementsLoopsEx", "{A2904EBD-EDF3-4C3F-9492-D267D16AEB08}"
EndProject
Project("{FAE04EC0-301F-11D3-BF4B-00C04F79EFBC}") = "01.ChooseADrink", "06.StatementsLoopsEx\01.ChooseADrink\01.ChooseADrink.csproj", "{1AC387E9-93CA-4D00-9D24-6BEA2F697DB7}"
EndProject
Project("{FAE04EC0-301F-11D3-BF4B-00C04F79EFBC}") = "02.ChooseADrink2", "06.StatementsLoopsEx\02.ChooseADrink2\02.ChooseADrink2.csproj", "{5349D0B7-DB35-428B-BC0A-62319954B0C6}"
EndProject
Project("{FAE04EC0-301F-11D3-BF4B-00C04F79EFBC}") = "03.RestaurantDiscount", "06.StatementsLoopsEx\03.RestaurantDiscount\03.RestaurantDiscount.csproj", "{E82BCE9B-BA99-4041-B177-F50B1F20EC2B}"
EndProject
Project("{FAE04EC0-301F-11D3-BF4B-00C04F79EFBC}") = "04.Hotel", "06.StatementsLoopsEx\04.Hotel\04.Hotel.csproj", "{485F64AA-60F8-4B73-A53E-2AC6F33DDDD5}"
EndProject
Project("{FAE04EC0-301F-11D3-BF4B-00C04F79EFBC}") = "05.WordInPlural", "06.StatementsLoopsEx\05.WordInPlural\05.WordInPlural.csproj", "{714062BD-CAEA-4D27-B02F-3FD243613838}"
EndProject
Project("{FAE04EC0-301F-11D3-BF4B-00C04F79EFBC}") = "06.IntervalOfNumbers", "06.StatementsLoopsEx\06.IntervalOfNumbers\06.IntervalOfNumbers.csproj", "{B3F478DD-5B50-4F76-B157-A74CD6A5B870}"
EndProject
Project("{FAE04EC0-301F-11D3-BF4B-00C04F79EFBC}") = "07.CakeIngredients", "06.StatementsLoopsEx\07.CakeIngredients\07.CakeIngredients.csproj", "{777D5EF1-776D-464C-828D-CCB6B30344EB}"
EndProject
Project("{FAE04EC0-301F-11D3-BF4B-00C04F79EFBC}") = "08.CaloriesCounter", "06.StatementsLoopsEx\08.CaloriesCounter\08.CaloriesCounter.csproj", "{82FC4E27-387B-455F-A30A-387EA1A1AC27}"
EndProject
Project("{FAE04EC0-301F-11D3-BF4B-00C04F79EFBC}") = "09.CountTheInteger", "06.StatementsLoopsEx\09.CountTheInteger\09.CountTheInteger.csproj", "{7B045A86-6739-4B90-8740-1FC453FA4EBA}"
EndProject
Project("{FAE04EC0-301F-11D3-BF4B-00C04F79EFBC}") = "10.TriangleOfNumbers", "06.StatementsLoopsEx\10.TriangleOfNumbers\10.TriangleOfNumbers.csproj", "{36A102D2-CDFA-42F8-A2D8-183731C1D76E}"
EndProject
Project("{FAE04EC0-301F-11D3-BF4B-00C04F79EFBC}") = "11.DifferentNumbers", "06.StatementsLoopsEx\11.DifferentNumbers\11.DifferentNumbers.csproj", "{1CD72AE6-FEA4-4E29-831C-F7E3CB5591A5}"
EndProject
Project("{FAE04EC0-301F-11D3-BF4B-00C04F79EFBC}") = "12.TestNumbers", "06.StatementsLoopsEx\12.TestNumbers\12.TestNumbers.csproj", "{98B13A3D-7DFB-4233-91B0-10320CE2FAB0}"
EndProject
Project("{FAE04EC0-301F-11D3-BF4B-00C04F79EFBC}") = "13.GameOfNumbers", "06.StatementsLoopsEx\13.GameOfNumbers\13.GameOfNumbers.csproj", "{278B79C8-B100-43D6-B506-621AE7C9CC2E}"
EndProject
Project("{FAE04EC0-301F-11D3-BF4B-00C04F79EFBC}") = "14.MagicLetter", "06.StatementsLoopsEx\14.MagicLetter\14.MagicLetter.csproj", "{0BC1B5A7-01D4-4D23-9A20-A96E01462D34}"
EndProject
Project("{FAE04EC0-301F-11D3-BF4B-00C04F79EFBC}") = "15.NeighbourWars", "06.StatementsLoopsEx\15.NeighbourWars\15.NeighbourWars.csproj", "{614965C3-1E40-4FCB-BF76-22EA4744ABA1}"
EndProject
Project("{2150E333-8FDC-42A3-9474-1A3956D46DE8}") = "07.CSharpSyntaxEx", "07.CSharpSyntaxEx", "{57190916-C05F-4D80-87BD-C816742C5F0D}"
EndProject
Project("{FAE04EC0-301F-11D3-BF4B-00C04F79EFBC}") = "01.X", "07.CSharpSyntaxEx\01.X\01.X.csproj", "{2392BEAF-340B-41E8-B402-BBE629586096}"
EndProject
Project("{FAE04EC0-301F-11D3-BF4B-00C04F79EFBC}") = "02.VaporStore", "07.CSharpSyntaxEx\02.VaporStore\02.VaporStore.csproj", "{D1ECCA55-846D-4983-94FA-AB2C3BA54F36}"
EndProject
Project("{FAE04EC0-301F-11D3-BF4B-00C04F79EFBC}") = "03.Megapixels", "07.CSharpSyntaxEx\03.Megapixels\03.Megapixels.csproj", "{9D6BBAC4-495E-49C0-BB4B-ED9F62C28B1B}"
EndProject
Project("{FAE04EC0-301F-11D3-BF4B-00C04F79EFBC}") = "04.PhotoGalery", "07.CSharpSyntaxEx\04.PhotoGalery\04.PhotoGalery.csproj", "{7E13DA36-DC38-433A-87FE-ED01FA154163}"
EndProject
Project("{FAE04EC0-301F-11D3-BF4B-00C04F79EFBC}") = "05.BPMCounter", "07.CSharpSyntaxEx\05.BPMCounter\05.BPMCounter.csproj", "{E4EBA080-123F-49E4-93B3-E3098D2C331A}"
EndProject
Project("{FAE04EC0-301F-11D3-BF4B-00C04F79EFBC}") = "06.DNASequences", "07.CSharpSyntaxEx\06.DNASequences\06.DNASequences.csproj", "{B949DB14-F47E-40E4-B409-3A789641C360}"
EndProject
Project("{FAE04EC0-301F-11D3-BF4B-00C04F79EFBC}") = "07.TrainingHallEquipment", "07.CSharpSyntaxEx\07.TrainingHallEquipment\07.TrainingHallEquipment.csproj", "{1C77C33D-3CA8-4681-A551-2B02729553FF}"
EndProject
Project("{FAE04EC0-301F-11D3-BF4B-00C04F79EFBC}") = "08.SMSTyping", "07.CSharpSyntaxEx\08.SMSTyping\08.SMSTyping.csproj", "{D91E49E1-F33E-44DD-AE33-3B0ADB288C48}"
EndProject
Global
	GlobalSection(SolutionConfigurationPlatforms) = preSolution
		Debug|Any CPU = Debug|Any CPU
		Release|Any CPU = Release|Any CPU
	EndGlobalSection
	GlobalSection(ProjectConfigurationPlatforms) = postSolution
		{6D8102CA-B648-4050-BCC3-9546D55E00A2}.Debug|Any CPU.ActiveCfg = Debug|Any CPU
		{6D8102CA-B648-4050-BCC3-9546D55E00A2}.Debug|Any CPU.Build.0 = Debug|Any CPU
		{6D8102CA-B648-4050-BCC3-9546D55E00A2}.Release|Any CPU.ActiveCfg = Release|Any CPU
		{6D8102CA-B648-4050-BCC3-9546D55E00A2}.Release|Any CPU.Build.0 = Release|Any CPU
		{58806E73-5662-463C-83AA-A1A865CA05F1}.Debug|Any CPU.ActiveCfg = Debug|Any CPU
		{58806E73-5662-463C-83AA-A1A865CA05F1}.Debug|Any CPU.Build.0 = Debug|Any CPU
		{58806E73-5662-463C-83AA-A1A865CA05F1}.Release|Any CPU.ActiveCfg = Release|Any CPU
		{58806E73-5662-463C-83AA-A1A865CA05F1}.Release|Any CPU.Build.0 = Release|Any CPU
		{23820625-0EA9-4150-B6FF-BF21BA443BE5}.Debug|Any CPU.ActiveCfg = Debug|Any CPU
		{23820625-0EA9-4150-B6FF-BF21BA443BE5}.Debug|Any CPU.Build.0 = Debug|Any CPU
		{23820625-0EA9-4150-B6FF-BF21BA443BE5}.Release|Any CPU.ActiveCfg = Release|Any CPU
		{23820625-0EA9-4150-B6FF-BF21BA443BE5}.Release|Any CPU.Build.0 = Release|Any CPU
		{D72B2B72-C1F6-4018-99B7-A9D4A270486A}.Debug|Any CPU.ActiveCfg = Debug|Any CPU
		{D72B2B72-C1F6-4018-99B7-A9D4A270486A}.Debug|Any CPU.Build.0 = Debug|Any CPU
		{D72B2B72-C1F6-4018-99B7-A9D4A270486A}.Release|Any CPU.ActiveCfg = Release|Any CPU
		{D72B2B72-C1F6-4018-99B7-A9D4A270486A}.Release|Any CPU.Build.0 = Release|Any CPU
		{9FE923D0-4AB1-4A17-BF6D-FB17663FBC21}.Debug|Any CPU.ActiveCfg = Debug|Any CPU
		{9FE923D0-4AB1-4A17-BF6D-FB17663FBC21}.Debug|Any CPU.Build.0 = Debug|Any CPU
		{9FE923D0-4AB1-4A17-BF6D-FB17663FBC21}.Release|Any CPU.ActiveCfg = Release|Any CPU
		{9FE923D0-4AB1-4A17-BF6D-FB17663FBC21}.Release|Any CPU.Build.0 = Release|Any CPU
		{6C82A45D-4321-4162-89F7-4DDCF6B14429}.Debug|Any CPU.ActiveCfg = Debug|Any CPU
		{6C82A45D-4321-4162-89F7-4DDCF6B14429}.Debug|Any CPU.Build.0 = Debug|Any CPU
		{6C82A45D-4321-4162-89F7-4DDCF6B14429}.Release|Any CPU.ActiveCfg = Release|Any CPU
		{6C82A45D-4321-4162-89F7-4DDCF6B14429}.Release|Any CPU.Build.0 = Release|Any CPU
		{3AACCFC5-BDEB-49E1-9AD8-0AF446C8A8DC}.Debug|Any CPU.ActiveCfg = Debug|Any CPU
		{3AACCFC5-BDEB-49E1-9AD8-0AF446C8A8DC}.Debug|Any CPU.Build.0 = Debug|Any CPU
		{3AACCFC5-BDEB-49E1-9AD8-0AF446C8A8DC}.Release|Any CPU.ActiveCfg = Release|Any CPU
		{3AACCFC5-BDEB-49E1-9AD8-0AF446C8A8DC}.Release|Any CPU.Build.0 = Release|Any CPU
		{7E9D1465-8BFC-456C-A67B-D4AF8011961E}.Debug|Any CPU.ActiveCfg = Debug|Any CPU
		{7E9D1465-8BFC-456C-A67B-D4AF8011961E}.Debug|Any CPU.Build.0 = Debug|Any CPU
		{7E9D1465-8BFC-456C-A67B-D4AF8011961E}.Release|Any CPU.ActiveCfg = Release|Any CPU
		{7E9D1465-8BFC-456C-A67B-D4AF8011961E}.Release|Any CPU.Build.0 = Release|Any CPU
		{FE316011-3935-47A8-BF36-EBBEBECE6366}.Debug|Any CPU.ActiveCfg = Debug|Any CPU
		{FE316011-3935-47A8-BF36-EBBEBECE6366}.Debug|Any CPU.Build.0 = Debug|Any CPU
		{FE316011-3935-47A8-BF36-EBBEBECE6366}.Release|Any CPU.ActiveCfg = Release|Any CPU
		{FE316011-3935-47A8-BF36-EBBEBECE6366}.Release|Any CPU.Build.0 = Release|Any CPU
		{65D3BAFF-FBD1-4B94-BA39-1F4811E7E65A}.Debug|Any CPU.ActiveCfg = Debug|Any CPU
		{65D3BAFF-FBD1-4B94-BA39-1F4811E7E65A}.Debug|Any CPU.Build.0 = Debug|Any CPU
		{65D3BAFF-FBD1-4B94-BA39-1F4811E7E65A}.Release|Any CPU.ActiveCfg = Release|Any CPU
		{65D3BAFF-FBD1-4B94-BA39-1F4811E7E65A}.Release|Any CPU.Build.0 = Release|Any CPU
		{14FBE622-B644-4A8B-B428-81A3F0A930BA}.Debug|Any CPU.ActiveCfg = Debug|Any CPU
		{14FBE622-B644-4A8B-B428-81A3F0A930BA}.Debug|Any CPU.Build.0 = Debug|Any CPU
		{14FBE622-B644-4A8B-B428-81A3F0A930BA}.Release|Any CPU.ActiveCfg = Release|Any CPU
		{14FBE622-B644-4A8B-B428-81A3F0A930BA}.Release|Any CPU.Build.0 = Release|Any CPU
		{206714DA-BA8E-4529-9672-2D925771CA3F}.Debug|Any CPU.ActiveCfg = Debug|Any CPU
		{206714DA-BA8E-4529-9672-2D925771CA3F}.Debug|Any CPU.Build.0 = Debug|Any CPU
		{206714DA-BA8E-4529-9672-2D925771CA3F}.Release|Any CPU.ActiveCfg = Release|Any CPU
		{206714DA-BA8E-4529-9672-2D925771CA3F}.Release|Any CPU.Build.0 = Release|Any CPU
		{CA52D835-9A49-4584-93AB-76E0C824EFFE}.Debug|Any CPU.ActiveCfg = Debug|Any CPU
		{CA52D835-9A49-4584-93AB-76E0C824EFFE}.Debug|Any CPU.Build.0 = Debug|Any CPU
		{CA52D835-9A49-4584-93AB-76E0C824EFFE}.Release|Any CPU.ActiveCfg = Release|Any CPU
		{CA52D835-9A49-4584-93AB-76E0C824EFFE}.Release|Any CPU.Build.0 = Release|Any CPU
		{07EA24EE-2603-4C2E-B8BF-F6AE826D4E6D}.Debug|Any CPU.ActiveCfg = Debug|Any CPU
		{07EA24EE-2603-4C2E-B8BF-F6AE826D4E6D}.Debug|Any CPU.Build.0 = Debug|Any CPU
		{07EA24EE-2603-4C2E-B8BF-F6AE826D4E6D}.Release|Any CPU.ActiveCfg = Release|Any CPU
		{07EA24EE-2603-4C2E-B8BF-F6AE826D4E6D}.Release|Any CPU.Build.0 = Release|Any CPU
		{A2EE7D47-70EA-4304-AE7E-17B1D7B68201}.Debug|Any CPU.ActiveCfg = Debug|Any CPU
		{A2EE7D47-70EA-4304-AE7E-17B1D7B68201}.Debug|Any CPU.Build.0 = Debug|Any CPU
		{A2EE7D47-70EA-4304-AE7E-17B1D7B68201}.Release|Any CPU.ActiveCfg = Release|Any CPU
		{A2EE7D47-70EA-4304-AE7E-17B1D7B68201}.Release|Any CPU.Build.0 = Release|Any CPU
		{868022D7-DA67-41EB-8956-52DB3932AAD4}.Debug|Any CPU.ActiveCfg = Debug|Any CPU
		{868022D7-DA67-41EB-8956-52DB3932AAD4}.Debug|Any CPU.Build.0 = Debug|Any CPU
		{868022D7-DA67-41EB-8956-52DB3932AAD4}.Release|Any CPU.ActiveCfg = Release|Any CPU
		{868022D7-DA67-41EB-8956-52DB3932AAD4}.Release|Any CPU.Build.0 = Release|Any CPU
		{50D0BBC2-B4E8-4AEC-8394-B99993FC6FCC}.Debug|Any CPU.ActiveCfg = Debug|Any CPU
		{50D0BBC2-B4E8-4AEC-8394-B99993FC6FCC}.Debug|Any CPU.Build.0 = Debug|Any CPU
		{50D0BBC2-B4E8-4AEC-8394-B99993FC6FCC}.Release|Any CPU.ActiveCfg = Release|Any CPU
		{50D0BBC2-B4E8-4AEC-8394-B99993FC6FCC}.Release|Any CPU.Build.0 = Release|Any CPU
		{C0997658-07E6-42F4-8C58-9DE0CB603543}.Debug|Any CPU.ActiveCfg = Debug|Any CPU
		{C0997658-07E6-42F4-8C58-9DE0CB603543}.Debug|Any CPU.Build.0 = Debug|Any CPU
		{C0997658-07E6-42F4-8C58-9DE0CB603543}.Release|Any CPU.ActiveCfg = Release|Any CPU
		{C0997658-07E6-42F4-8C58-9DE0CB603543}.Release|Any CPU.Build.0 = Release|Any CPU
		{9D12F872-2FCB-45D2-B0EE-D3FEC791E146}.Debug|Any CPU.ActiveCfg = Debug|Any CPU
		{9D12F872-2FCB-45D2-B0EE-D3FEC791E146}.Debug|Any CPU.Build.0 = Debug|Any CPU
		{9D12F872-2FCB-45D2-B0EE-D3FEC791E146}.Release|Any CPU.ActiveCfg = Release|Any CPU
		{9D12F872-2FCB-45D2-B0EE-D3FEC791E146}.Release|Any CPU.Build.0 = Release|Any CPU
		{61BA92AC-38C3-41F0-B9F1-5B6F4963EFAB}.Debug|Any CPU.ActiveCfg = Debug|Any CPU
		{61BA92AC-38C3-41F0-B9F1-5B6F4963EFAB}.Debug|Any CPU.Build.0 = Debug|Any CPU
		{61BA92AC-38C3-41F0-B9F1-5B6F4963EFAB}.Release|Any CPU.ActiveCfg = Release|Any CPU
		{61BA92AC-38C3-41F0-B9F1-5B6F4963EFAB}.Release|Any CPU.Build.0 = Release|Any CPU
		{1AC387E9-93CA-4D00-9D24-6BEA2F697DB7}.Debug|Any CPU.ActiveCfg = Debug|Any CPU
		{1AC387E9-93CA-4D00-9D24-6BEA2F697DB7}.Debug|Any CPU.Build.0 = Debug|Any CPU
		{1AC387E9-93CA-4D00-9D24-6BEA2F697DB7}.Release|Any CPU.ActiveCfg = Release|Any CPU
		{1AC387E9-93CA-4D00-9D24-6BEA2F697DB7}.Release|Any CPU.Build.0 = Release|Any CPU
		{5349D0B7-DB35-428B-BC0A-62319954B0C6}.Debug|Any CPU.ActiveCfg = Debug|Any CPU
		{5349D0B7-DB35-428B-BC0A-62319954B0C6}.Debug|Any CPU.Build.0 = Debug|Any CPU
		{5349D0B7-DB35-428B-BC0A-62319954B0C6}.Release|Any CPU.ActiveCfg = Release|Any CPU
		{5349D0B7-DB35-428B-BC0A-62319954B0C6}.Release|Any CPU.Build.0 = Release|Any CPU
		{E82BCE9B-BA99-4041-B177-F50B1F20EC2B}.Debug|Any CPU.ActiveCfg = Debug|Any CPU
		{E82BCE9B-BA99-4041-B177-F50B1F20EC2B}.Debug|Any CPU.Build.0 = Debug|Any CPU
		{E82BCE9B-BA99-4041-B177-F50B1F20EC2B}.Release|Any CPU.ActiveCfg = Release|Any CPU
		{E82BCE9B-BA99-4041-B177-F50B1F20EC2B}.Release|Any CPU.Build.0 = Release|Any CPU
		{485F64AA-60F8-4B73-A53E-2AC6F33DDDD5}.Debug|Any CPU.ActiveCfg = Debug|Any CPU
		{485F64AA-60F8-4B73-A53E-2AC6F33DDDD5}.Debug|Any CPU.Build.0 = Debug|Any CPU
		{485F64AA-60F8-4B73-A53E-2AC6F33DDDD5}.Release|Any CPU.ActiveCfg = Release|Any CPU
		{485F64AA-60F8-4B73-A53E-2AC6F33DDDD5}.Release|Any CPU.Build.0 = Release|Any CPU
		{714062BD-CAEA-4D27-B02F-3FD243613838}.Debug|Any CPU.ActiveCfg = Debug|Any CPU
		{714062BD-CAEA-4D27-B02F-3FD243613838}.Debug|Any CPU.Build.0 = Debug|Any CPU
		{714062BD-CAEA-4D27-B02F-3FD243613838}.Release|Any CPU.ActiveCfg = Release|Any CPU
		{714062BD-CAEA-4D27-B02F-3FD243613838}.Release|Any CPU.Build.0 = Release|Any CPU
		{B3F478DD-5B50-4F76-B157-A74CD6A5B870}.Debug|Any CPU.ActiveCfg = Debug|Any CPU
		{B3F478DD-5B50-4F76-B157-A74CD6A5B870}.Debug|Any CPU.Build.0 = Debug|Any CPU
		{B3F478DD-5B50-4F76-B157-A74CD6A5B870}.Release|Any CPU.ActiveCfg = Release|Any CPU
		{B3F478DD-5B50-4F76-B157-A74CD6A5B870}.Release|Any CPU.Build.0 = Release|Any CPU
		{777D5EF1-776D-464C-828D-CCB6B30344EB}.Debug|Any CPU.ActiveCfg = Debug|Any CPU
		{777D5EF1-776D-464C-828D-CCB6B30344EB}.Debug|Any CPU.Build.0 = Debug|Any CPU
		{777D5EF1-776D-464C-828D-CCB6B30344EB}.Release|Any CPU.ActiveCfg = Release|Any CPU
		{777D5EF1-776D-464C-828D-CCB6B30344EB}.Release|Any CPU.Build.0 = Release|Any CPU
		{82FC4E27-387B-455F-A30A-387EA1A1AC27}.Debug|Any CPU.ActiveCfg = Debug|Any CPU
		{82FC4E27-387B-455F-A30A-387EA1A1AC27}.Debug|Any CPU.Build.0 = Debug|Any CPU
		{82FC4E27-387B-455F-A30A-387EA1A1AC27}.Release|Any CPU.ActiveCfg = Release|Any CPU
		{82FC4E27-387B-455F-A30A-387EA1A1AC27}.Release|Any CPU.Build.0 = Release|Any CPU
		{7B045A86-6739-4B90-8740-1FC453FA4EBA}.Debug|Any CPU.ActiveCfg = Debug|Any CPU
		{7B045A86-6739-4B90-8740-1FC453FA4EBA}.Debug|Any CPU.Build.0 = Debug|Any CPU
		{7B045A86-6739-4B90-8740-1FC453FA4EBA}.Release|Any CPU.ActiveCfg = Release|Any CPU
		{7B045A86-6739-4B90-8740-1FC453FA4EBA}.Release|Any CPU.Build.0 = Release|Any CPU
		{36A102D2-CDFA-42F8-A2D8-183731C1D76E}.Debug|Any CPU.ActiveCfg = Debug|Any CPU
		{36A102D2-CDFA-42F8-A2D8-183731C1D76E}.Debug|Any CPU.Build.0 = Debug|Any CPU
		{36A102D2-CDFA-42F8-A2D8-183731C1D76E}.Release|Any CPU.ActiveCfg = Release|Any CPU
		{36A102D2-CDFA-42F8-A2D8-183731C1D76E}.Release|Any CPU.Build.0 = Release|Any CPU
		{1CD72AE6-FEA4-4E29-831C-F7E3CB5591A5}.Debug|Any CPU.ActiveCfg = Debug|Any CPU
		{1CD72AE6-FEA4-4E29-831C-F7E3CB5591A5}.Debug|Any CPU.Build.0 = Debug|Any CPU
		{1CD72AE6-FEA4-4E29-831C-F7E3CB5591A5}.Release|Any CPU.ActiveCfg = Release|Any CPU
		{1CD72AE6-FEA4-4E29-831C-F7E3CB5591A5}.Release|Any CPU.Build.0 = Release|Any CPU
		{98B13A3D-7DFB-4233-91B0-10320CE2FAB0}.Debug|Any CPU.ActiveCfg = Debug|Any CPU
		{98B13A3D-7DFB-4233-91B0-10320CE2FAB0}.Debug|Any CPU.Build.0 = Debug|Any CPU
		{98B13A3D-7DFB-4233-91B0-10320CE2FAB0}.Release|Any CPU.ActiveCfg = Release|Any CPU
		{98B13A3D-7DFB-4233-91B0-10320CE2FAB0}.Release|Any CPU.Build.0 = Release|Any CPU
		{278B79C8-B100-43D6-B506-621AE7C9CC2E}.Debug|Any CPU.ActiveCfg = Debug|Any CPU
		{278B79C8-B100-43D6-B506-621AE7C9CC2E}.Debug|Any CPU.Build.0 = Debug|Any CPU
		{278B79C8-B100-43D6-B506-621AE7C9CC2E}.Release|Any CPU.ActiveCfg = Release|Any CPU
		{278B79C8-B100-43D6-B506-621AE7C9CC2E}.Release|Any CPU.Build.0 = Release|Any CPU
		{0BC1B5A7-01D4-4D23-9A20-A96E01462D34}.Debug|Any CPU.ActiveCfg = Debug|Any CPU
		{0BC1B5A7-01D4-4D23-9A20-A96E01462D34}.Debug|Any CPU.Build.0 = Debug|Any CPU
		{0BC1B5A7-01D4-4D23-9A20-A96E01462D34}.Release|Any CPU.ActiveCfg = Release|Any CPU
		{0BC1B5A7-01D4-4D23-9A20-A96E01462D34}.Release|Any CPU.Build.0 = Release|Any CPU
		{614965C3-1E40-4FCB-BF76-22EA4744ABA1}.Debug|Any CPU.ActiveCfg = Debug|Any CPU
		{614965C3-1E40-4FCB-BF76-22EA4744ABA1}.Debug|Any CPU.Build.0 = Debug|Any CPU
		{614965C3-1E40-4FCB-BF76-22EA4744ABA1}.Release|Any CPU.ActiveCfg = Release|Any CPU
		{614965C3-1E40-4FCB-BF76-22EA4744ABA1}.Release|Any CPU.Build.0 = Release|Any CPU
		{2392BEAF-340B-41E8-B402-BBE629586096}.Debug|Any CPU.ActiveCfg = Debug|Any CPU
		{2392BEAF-340B-41E8-B402-BBE629586096}.Debug|Any CPU.Build.0 = Debug|Any CPU
		{2392BEAF-340B-41E8-B402-BBE629586096}.Release|Any CPU.ActiveCfg = Release|Any CPU
		{2392BEAF-340B-41E8-B402-BBE629586096}.Release|Any CPU.Build.0 = Release|Any CPU
		{D1ECCA55-846D-4983-94FA-AB2C3BA54F36}.Debug|Any CPU.ActiveCfg = Debug|Any CPU
		{D1ECCA55-846D-4983-94FA-AB2C3BA54F36}.Debug|Any CPU.Build.0 = Debug|Any CPU
		{D1ECCA55-846D-4983-94FA-AB2C3BA54F36}.Release|Any CPU.ActiveCfg = Release|Any CPU
		{D1ECCA55-846D-4983-94FA-AB2C3BA54F36}.Release|Any CPU.Build.0 = Release|Any CPU
		{9D6BBAC4-495E-49C0-BB4B-ED9F62C28B1B}.Debug|Any CPU.ActiveCfg = Debug|Any CPU
		{9D6BBAC4-495E-49C0-BB4B-ED9F62C28B1B}.Debug|Any CPU.Build.0 = Debug|Any CPU
		{9D6BBAC4-495E-49C0-BB4B-ED9F62C28B1B}.Release|Any CPU.ActiveCfg = Release|Any CPU
		{9D6BBAC4-495E-49C0-BB4B-ED9F62C28B1B}.Release|Any CPU.Build.0 = Release|Any CPU
		{7E13DA36-DC38-433A-87FE-ED01FA154163}.Debug|Any CPU.ActiveCfg = Debug|Any CPU
		{7E13DA36-DC38-433A-87FE-ED01FA154163}.Debug|Any CPU.Build.0 = Debug|Any CPU
		{7E13DA36-DC38-433A-87FE-ED01FA154163}.Release|Any CPU.ActiveCfg = Release|Any CPU
		{7E13DA36-DC38-433A-87FE-ED01FA154163}.Release|Any CPU.Build.0 = Release|Any CPU
		{E4EBA080-123F-49E4-93B3-E3098D2C331A}.Debug|Any CPU.ActiveCfg = Debug|Any CPU
		{E4EBA080-123F-49E4-93B3-E3098D2C331A}.Debug|Any CPU.Build.0 = Debug|Any CPU
		{E4EBA080-123F-49E4-93B3-E3098D2C331A}.Release|Any CPU.ActiveCfg = Release|Any CPU
		{E4EBA080-123F-49E4-93B3-E3098D2C331A}.Release|Any CPU.Build.0 = Release|Any CPU
		{B949DB14-F47E-40E4-B409-3A789641C360}.Debug|Any CPU.ActiveCfg = Debug|Any CPU
		{B949DB14-F47E-40E4-B409-3A789641C360}.Debug|Any CPU.Build.0 = Debug|Any CPU
		{B949DB14-F47E-40E4-B409-3A789641C360}.Release|Any CPU.ActiveCfg = Release|Any CPU
		{B949DB14-F47E-40E4-B409-3A789641C360}.Release|Any CPU.Build.0 = Release|Any CPU
		{1C77C33D-3CA8-4681-A551-2B02729553FF}.Debug|Any CPU.ActiveCfg = Debug|Any CPU
		{1C77C33D-3CA8-4681-A551-2B02729553FF}.Debug|Any CPU.Build.0 = Debug|Any CPU
		{1C77C33D-3CA8-4681-A551-2B02729553FF}.Release|Any CPU.ActiveCfg = Release|Any CPU
		{1C77C33D-3CA8-4681-A551-2B02729553FF}.Release|Any CPU.Build.0 = Release|Any CPU
		{D91E49E1-F33E-44DD-AE33-3B0ADB288C48}.Debug|Any CPU.ActiveCfg = Debug|Any CPU
		{D91E49E1-F33E-44DD-AE33-3B0ADB288C48}.Debug|Any CPU.Build.0 = Debug|Any CPU
		{D91E49E1-F33E-44DD-AE33-3B0ADB288C48}.Release|Any CPU.ActiveCfg = Release|Any CPU
		{D91E49E1-F33E-44DD-AE33-3B0ADB288C48}.Release|Any CPU.Build.0 = Release|Any CPU
	EndGlobalSection
	GlobalSection(SolutionProperties) = preSolution
		HideSolutionNode = FALSE
	EndGlobalSection
	GlobalSection(NestedProjects) = preSolution
		{6D8102CA-B648-4050-BCC3-9546D55E00A2} = {765A30D9-6EB0-4B26-9983-82DE0F7B9A8A}
		{58806E73-5662-463C-83AA-A1A865CA05F1} = {765A30D9-6EB0-4B26-9983-82DE0F7B9A8A}
		{23820625-0EA9-4150-B6FF-BF21BA443BE5} = {5BF2A426-16E4-462E-AA09-ACACA8B893CB}
		{D72B2B72-C1F6-4018-99B7-A9D4A270486A} = {5BF2A426-16E4-462E-AA09-ACACA8B893CB}
		{9FE923D0-4AB1-4A17-BF6D-FB17663FBC21} = {5BF2A426-16E4-462E-AA09-ACACA8B893CB}
		{6C82A45D-4321-4162-89F7-4DDCF6B14429} = {5BF2A426-16E4-462E-AA09-ACACA8B893CB}
		{3AACCFC5-BDEB-49E1-9AD8-0AF446C8A8DC} = {5BF2A426-16E4-462E-AA09-ACACA8B893CB}
		{7E9D1465-8BFC-456C-A67B-D4AF8011961E} = {765A30D9-6EB0-4B26-9983-82DE0F7B9A8A}
		{FE316011-3935-47A8-BF36-EBBEBECE6366} = {9D92496C-53F9-412A-A3FE-D455F87748E9}
		{65D3BAFF-FBD1-4B94-BA39-1F4811E7E65A} = {9D92496C-53F9-412A-A3FE-D455F87748E9}
		{14FBE622-B644-4A8B-B428-81A3F0A930BA} = {9D92496C-53F9-412A-A3FE-D455F87748E9}
		{206714DA-BA8E-4529-9672-2D925771CA3F} = {9D92496C-53F9-412A-A3FE-D455F87748E9}
		{CA52D835-9A49-4584-93AB-76E0C824EFFE} = {9D92496C-53F9-412A-A3FE-D455F87748E9}
		{07EA24EE-2603-4C2E-B8BF-F6AE826D4E6D} = {9D92496C-53F9-412A-A3FE-D455F87748E9}
		{A2EE7D47-70EA-4304-AE7E-17B1D7B68201} = {9D92496C-53F9-412A-A3FE-D455F87748E9}
		{868022D7-DA67-41EB-8956-52DB3932AAD4} = {9D92496C-53F9-412A-A3FE-D455F87748E9}
		{50D0BBC2-B4E8-4AEC-8394-B99993FC6FCC} = {9D92496C-53F9-412A-A3FE-D455F87748E9}
		{C0997658-07E6-42F4-8C58-9DE0CB603543} = {9D92496C-53F9-412A-A3FE-D455F87748E9}
		{9D12F872-2FCB-45D2-B0EE-D3FEC791E146} = {9D92496C-53F9-412A-A3FE-D455F87748E9}
		{61BA92AC-38C3-41F0-B9F1-5B6F4963EFAB} = {9D92496C-53F9-412A-A3FE-D455F87748E9}
		{1AC387E9-93CA-4D00-9D24-6BEA2F697DB7} = {A2904EBD-EDF3-4C3F-9492-D267D16AEB08}
		{5349D0B7-DB35-428B-BC0A-62319954B0C6} = {A2904EBD-EDF3-4C3F-9492-D267D16AEB08}
		{E82BCE9B-BA99-4041-B177-F50B1F20EC2B} = {A2904EBD-EDF3-4C3F-9492-D267D16AEB08}
		{485F64AA-60F8-4B73-A53E-2AC6F33DDDD5} = {A2904EBD-EDF3-4C3F-9492-D267D16AEB08}
		{714062BD-CAEA-4D27-B02F-3FD243613838} = {A2904EBD-EDF3-4C3F-9492-D267D16AEB08}
		{B3F478DD-5B50-4F76-B157-A74CD6A5B870} = {A2904EBD-EDF3-4C3F-9492-D267D16AEB08}
		{777D5EF1-776D-464C-828D-CCB6B30344EB} = {A2904EBD-EDF3-4C3F-9492-D267D16AEB08}
		{82FC4E27-387B-455F-A30A-387EA1A1AC27} = {A2904EBD-EDF3-4C3F-9492-D267D16AEB08}
		{7B045A86-6739-4B90-8740-1FC453FA4EBA} = {A2904EBD-EDF3-4C3F-9492-D267D16AEB08}
		{36A102D2-CDFA-42F8-A2D8-183731C1D76E} = {A2904EBD-EDF3-4C3F-9492-D267D16AEB08}
		{1CD72AE6-FEA4-4E29-831C-F7E3CB5591A5} = {A2904EBD-EDF3-4C3F-9492-D267D16AEB08}
		{98B13A3D-7DFB-4233-91B0-10320CE2FAB0} = {A2904EBD-EDF3-4C3F-9492-D267D16AEB08}
		{278B79C8-B100-43D6-B506-621AE7C9CC2E} = {A2904EBD-EDF3-4C3F-9492-D267D16AEB08}
		{0BC1B5A7-01D4-4D23-9A20-A96E01462D34} = {A2904EBD-EDF3-4C3F-9492-D267D16AEB08}
		{614965C3-1E40-4FCB-BF76-22EA4744ABA1} = {A2904EBD-EDF3-4C3F-9492-D267D16AEB08}
		{2392BEAF-340B-41E8-B402-BBE629586096} = {57190916-C05F-4D80-87BD-C816742C5F0D}
		{D1ECCA55-846D-4983-94FA-AB2C3BA54F36} = {57190916-C05F-4D80-87BD-C816742C5F0D}
		{9D6BBAC4-495E-49C0-BB4B-ED9F62C28B1B} = {57190916-C05F-4D80-87BD-C816742C5F0D}
		{7E13DA36-DC38-433A-87FE-ED01FA154163} = {57190916-C05F-4D80-87BD-C816742C5F0D}
		{E4EBA080-123F-49E4-93B3-E3098D2C331A} = {57190916-C05F-4D80-87BD-C816742C5F0D}
		{B949DB14-F47E-40E4-B409-3A789641C360} = {57190916-C05F-4D80-87BD-C816742C5F0D}
		{1C77C33D-3CA8-4681-A551-2B02729553FF} = {57190916-C05F-4D80-87BD-C816742C5F0D}
		{D91E49E1-F33E-44DD-AE33-3B0ADB288C48} = {57190916-C05F-4D80-87BD-C816742C5F0D}
	EndGlobalSection
EndGlobal
