
Microsoft Visual Studio Solution File, Format Version 12.00
# Visual Studio 15
VisualStudioVersion = 15.0.28307.489
MinimumVisualStudioVersion = 10.0.40219.1
Project("{FAE04EC0-301F-11D3-BF4B-00C04F79EFBC}") = "ProductShop.App", "ProductShop.App\ProductShop.App.csproj", "{FCC0C155-01CE-4939-A921-E5C7B4B9EEC8}"
EndProject
Project("{FAE04EC0-301F-11D3-BF4B-00C04F79EFBC}") = "ProductShop.Data", "ProductShop.Data\ProductShop.Data.csproj", "{C0C865B2-59A0-4568-B25E-6969ABA9E7D8}"
EndProject
Project("{FAE04EC0-301F-11D3-BF4B-00C04F79EFBC}") = "ProductShop.Models", "ProductShop.Models\ProductShop.Models.csproj", "{255F3007-2F2F-4EC5-8476-17925F4C616C}"
EndProject
Global
	GlobalSection(SolutionConfigurationPlatforms) = preSolution
		Debug|Any CPU = Debug|Any CPU
		Release|Any CPU = Release|Any CPU
	EndGlobalSection
	GlobalSection(ProjectConfigurationPlatforms) = postSolution
		{FCC0C155-01CE-4939-A921-E5C7B4B9EEC8}.Debug|Any CPU.ActiveCfg = Debug|Any CPU
		{FCC0C155-01CE-4939-A921-E5C7B4B9EEC8}.Debug|Any CPU.Build.0 = Debug|Any CPU
		{FCC0C155-01CE-4939-A921-E5C7B4B9EEC8}.Release|Any CPU.ActiveCfg = Release|Any CPU
		{FCC0C155-01CE-4939-A921-E5C7B4B9EEC8}.Release|Any CPU.Build.0 = Release|Any CPU
		{C0C865B2-59A0-4568-B25E-6969ABA9E7D8}.Debug|Any CPU.ActiveCfg = Debug|Any CPU
		{C0C865B2-59A0-4568-B25E-6969ABA9E7D8}.Debug|Any CPU.Build.0 = Debug|Any CPU
		{C0C865B2-59A0-4568-B25E-6969ABA9E7D8}.Release|Any CPU.ActiveCfg = Release|Any CPU
		{C0C865B2-59A0-4568-B25E-6969ABA9E7D8}.Release|Any CPU.Build.0 = Release|Any CPU
		{255F3007-2F2F-4EC5-8476-17925F4C616C}.Debug|Any CPU.ActiveCfg = Debug|Any CPU
		{255F3007-2F2F-4EC5-8476-17925F4C616C}.Debug|Any CPU.Build.0 = Debug|Any CPU
		{255F3007-2F2F-4EC5-8476-17925F4C616C}.Release|Any CPU.ActiveCfg = Release|Any CPU
		{255F3007-2F2F-4EC5-8476-17925F4C616C}.Release|Any CPU.Build.0 = Release|Any CPU
	EndGlobalSection
	GlobalSection(SolutionProperties) = preSolution
		HideSolutionNode = FALSE
	EndGlobalSection
	GlobalSection(ExtensibilityGlobals) = postSolution
		SolutionGuid = {371A3626-C9D7-4112-9E5A-1FE212AB4FDA}
	EndGlobalSection
EndGlobal
